
Microsoft Visual Studio Solution File, Format Version 12.00
# Visual Studio Version 17
VisualStudioVersion = 17.11.35303.130
MinimumVisualStudioVersion = 10.0.40219.1
Project("{FAE04EC0-301F-11D3-BF4B-00C04F79EFBC}") = "FrmOpenFilee", "FrmOpenFilee.csproj", "{C8155BCA-0DC6-4512-A4A0-ABCDF7ED7648}"
EndProject
Global
	GlobalSection(SolutionConfigurationPlatforms) = preSolution
		Debug|Any CPU = Debug|Any CPU
		Release|Any CPU = Release|Any CPU
	EndGlobalSection
	GlobalSection(ProjectConfigurationPlatforms) = postSolution
		{C8155BCA-0DC6-4512-A4A0-ABCDF7ED7648}.Debug|Any CPU.ActiveCfg = Debug|Any CPU
		{C8155BCA-0DC6-4512-A4A0-ABCDF7ED7648}.Debug|Any CPU.Build.0 = Debug|Any CPU
		{C8155BCA-0DC6-4512-A4A0-ABCDF7ED7648}.Release|Any CPU.ActiveCfg = Release|Any CPU
		{C8155BCA-0DC6-4512-A4A0-ABCDF7ED7648}.Release|Any CPU.Build.0 = Release|Any CPU
	EndGlobalSection
	GlobalSection(SolutionProperties) = preSolution
		HideSolutionNode = FALSE
	EndGlobalSection
	GlobalSection(ExtensibilityGlobals) = postSolution
		SolutionGuid = {D1963D36-04FA-4EFD-BF46-333C1C1AF375}
	EndGlobalSection
EndGlobal
